
Microsoft Visual Studio Solution File, Format Version 12.00
# Visual Studio 15
VisualStudioVersion = 15.0.27130.2036
MinimumVisualStudioVersion = 10.0.40219.1
Project("{FAE04EC0-301F-11D3-BF4B-00C04F79EFBC}") = "MessageGun.Console", "MessageGun.Console\MessageGun.Console.csproj", "{069E30DD-DCA3-4D44-9F66-6169EB5EAD96}"
EndProject
Project("{2150E333-8FDC-42A3-9474-1A3956D46DE8}") = "MQ", "MQ", "{BF3BF865-46C6-4257-86B5-0EE5700A095D}"
EndProject
Project("{FAE04EC0-301F-11D3-BF4B-00C04F79EFBC}") = "MQ.MDomainModel", "MDomainModel\MQ.MDomainModel.csproj", "{CFC0F67A-21D3-4D37-A37E-6EF4FF45DECF}"
EndProject
Project("{FAE04EC0-301F-11D3-BF4B-00C04F79EFBC}") = "MQ.MClient", "MClient\MQ.MClient.csproj", "{FDC878CA-2A43-40A6-A8FF-77D4DCC92C16}"
EndProject
Project("{FAE04EC0-301F-11D3-BF4B-00C04F79EFBC}") = "MessageGun.DomainModel", "DomainModel\MessageGun.DomainModel.csproj", "{5E38D38E-C51D-4530-8DB6-818CE9B2495F}"
EndProject
Project("{2150E333-8FDC-42A3-9474-1A3956D46DE8}") = "recompiled", "recompiled", "{324A8BDD-53F1-43EC-92C1-36AB4744DF9E}"
EndProject
Project("{FAE04EC0-301F-11D3-BF4B-00C04F79EFBC}") = "TeleSharp.Generator", "TLSharp_recompiled\TeleSharp.Generator\TeleSharp.Generator.csproj", "{9BE3B9D4-9FF6-4DC8-B9CC-EB2E3F390129}"
EndProject
Project("{FAE04EC0-301F-11D3-BF4B-00C04F79EFBC}") = "TeleSharp.TL", "TLSharp_recompiled\TeleSharp.TL\TeleSharp.TL.csproj", "{D6144517-91D2-4880-86DF-E9FF5D7F383A}"
EndProject
Project("{FAE04EC0-301F-11D3-BF4B-00C04F79EFBC}") = "TLSharp.Core", "TLSharp_recompiled\TLSharp.Core\TLSharp.Core.csproj", "{400D2544-1CC6-4D8A-A62C-2292D9947A16}"
EndProject
Project("{2150E333-8FDC-42A3-9474-1A3956D46DE8}") = "Telegram", "Telegram", "{5B288B18-8068-4CCA-B578-EBBE950AA1E1}"
EndProject
Project("{FAE04EC0-301F-11D3-BF4B-00C04F79EFBC}") = "Telegram.TeleGun", "TeleGun\Telegram.TeleGun.csproj", "{55448611-464D-42F5-AC77-283B1592C665}"
EndProject
Project("{FAE04EC0-301F-11D3-BF4B-00C04F79EFBC}") = "Telegram.TeleDomainModel", "TeleDomainModel\Telegram.TeleDomainModel.csproj", "{BBB24A2B-5AD1-4A5F-8DE3-C557D1591817}"
EndProject
Project("{FAE04EC0-301F-11D3-BF4B-00C04F79EFBC}") = "MessageGun.DomainModel.Tools", "MessageGun.DomainModel.Tools\MessageGun.DomainModel.Tools.csproj", "{378B6C11-F514-421B-91B3-92A0DD3E7AB6}"
EndProject
Project("{FAE04EC0-301F-11D3-BF4B-00C04F79EFBC}") = "MessageGun.DomainModel.DB", "MessageGun.DomainModel.DB\MessageGun.DomainModel.DB.csproj", "{29272D46-8D82-428D-91CE-5AA947E5F367}"
EndProject
Project("{00D1A9C2-B5F0-4AF3-8072-F6C62B433612}") = "MGDataBase", "MGDataBase\MGDataBase.sqlproj", "{293496A8-41F2-4469-847B-D559C07F7682}"
EndProject
Project("{FAE04EC0-301F-11D3-BF4B-00C04F79EFBC}") = "MessageGun.DomainModel.Tools.Tests", "Tests\MessageGun.DomainModel.Tools.Tests\MessageGun.DomainModel.Tools.Tests.csproj", "{6ED45AAA-1E20-4A75-B1F1-836E0D15C98E}"
EndProject
Project("{2150E333-8FDC-42A3-9474-1A3956D46DE8}") = "WhatsApp", "WhatsApp", "{84DFB278-8340-4273-8B7D-8DA51D6787AA}"
EndProject
Project("{FAE04EC0-301F-11D3-BF4B-00C04F79EFBC}") = "WhatsApp.Waboxapp", "WhatsApp.Waboxapp\WhatsApp.Waboxapp.csproj", "{52BD792C-89A2-4C50-866B-F0EFE18CDEE0}"
EndProject
Project("{FAE04EC0-301F-11D3-BF4B-00C04F79EFBC}") = "WhatsApp.WabDomainModel", "WhatsApp.WabDomainModel\WhatsApp.WabDomainModel.csproj", "{34C4DD57-218D-400C-9183-3790360A5DEA}"
EndProject
Global
	GlobalSection(SolutionConfigurationPlatforms) = preSolution
		Debug|Any CPU = Debug|Any CPU
		Release|Any CPU = Release|Any CPU
	EndGlobalSection
	GlobalSection(ProjectConfigurationPlatforms) = postSolution
		{069E30DD-DCA3-4D44-9F66-6169EB5EAD96}.Debug|Any CPU.ActiveCfg = Debug|Any CPU
		{069E30DD-DCA3-4D44-9F66-6169EB5EAD96}.Debug|Any CPU.Build.0 = Debug|Any CPU
		{069E30DD-DCA3-4D44-9F66-6169EB5EAD96}.Release|Any CPU.ActiveCfg = Release|Any CPU
		{069E30DD-DCA3-4D44-9F66-6169EB5EAD96}.Release|Any CPU.Build.0 = Release|Any CPU
		{CFC0F67A-21D3-4D37-A37E-6EF4FF45DECF}.Debug|Any CPU.ActiveCfg = Debug|Any CPU
		{CFC0F67A-21D3-4D37-A37E-6EF4FF45DECF}.Debug|Any CPU.Build.0 = Debug|Any CPU
		{CFC0F67A-21D3-4D37-A37E-6EF4FF45DECF}.Release|Any CPU.ActiveCfg = Release|Any CPU
		{CFC0F67A-21D3-4D37-A37E-6EF4FF45DECF}.Release|Any CPU.Build.0 = Release|Any CPU
		{FDC878CA-2A43-40A6-A8FF-77D4DCC92C16}.Debug|Any CPU.ActiveCfg = Debug|Any CPU
		{FDC878CA-2A43-40A6-A8FF-77D4DCC92C16}.Debug|Any CPU.Build.0 = Debug|Any CPU
		{FDC878CA-2A43-40A6-A8FF-77D4DCC92C16}.Release|Any CPU.ActiveCfg = Release|Any CPU
		{FDC878CA-2A43-40A6-A8FF-77D4DCC92C16}.Release|Any CPU.Build.0 = Release|Any CPU
		{5E38D38E-C51D-4530-8DB6-818CE9B2495F}.Debug|Any CPU.ActiveCfg = Debug|Any CPU
		{5E38D38E-C51D-4530-8DB6-818CE9B2495F}.Debug|Any CPU.Build.0 = Debug|Any CPU
		{5E38D38E-C51D-4530-8DB6-818CE9B2495F}.Release|Any CPU.ActiveCfg = Release|Any CPU
		{5E38D38E-C51D-4530-8DB6-818CE9B2495F}.Release|Any CPU.Build.0 = Release|Any CPU
		{9BE3B9D4-9FF6-4DC8-B9CC-EB2E3F390129}.Debug|Any CPU.ActiveCfg = Debug|Any CPU
		{9BE3B9D4-9FF6-4DC8-B9CC-EB2E3F390129}.Debug|Any CPU.Build.0 = Debug|Any CPU
		{9BE3B9D4-9FF6-4DC8-B9CC-EB2E3F390129}.Release|Any CPU.ActiveCfg = Release|Any CPU
		{9BE3B9D4-9FF6-4DC8-B9CC-EB2E3F390129}.Release|Any CPU.Build.0 = Release|Any CPU
		{D6144517-91D2-4880-86DF-E9FF5D7F383A}.Debug|Any CPU.ActiveCfg = Debug|Any CPU
		{D6144517-91D2-4880-86DF-E9FF5D7F383A}.Debug|Any CPU.Build.0 = Debug|Any CPU
		{D6144517-91D2-4880-86DF-E9FF5D7F383A}.Release|Any CPU.ActiveCfg = Release|Any CPU
		{D6144517-91D2-4880-86DF-E9FF5D7F383A}.Release|Any CPU.Build.0 = Release|Any CPU
		{400D2544-1CC6-4D8A-A62C-2292D9947A16}.Debug|Any CPU.ActiveCfg = Debug|Any CPU
		{400D2544-1CC6-4D8A-A62C-2292D9947A16}.Debug|Any CPU.Build.0 = Debug|Any CPU
		{400D2544-1CC6-4D8A-A62C-2292D9947A16}.Release|Any CPU.ActiveCfg = Release|Any CPU
		{400D2544-1CC6-4D8A-A62C-2292D9947A16}.Release|Any CPU.Build.0 = Release|Any CPU
		{55448611-464D-42F5-AC77-283B1592C665}.Debug|Any CPU.ActiveCfg = Debug|Any CPU
		{55448611-464D-42F5-AC77-283B1592C665}.Debug|Any CPU.Build.0 = Debug|Any CPU
		{55448611-464D-42F5-AC77-283B1592C665}.Release|Any CPU.ActiveCfg = Release|Any CPU
		{55448611-464D-42F5-AC77-283B1592C665}.Release|Any CPU.Build.0 = Release|Any CPU
		{BBB24A2B-5AD1-4A5F-8DE3-C557D1591817}.Debug|Any CPU.ActiveCfg = Debug|Any CPU
		{BBB24A2B-5AD1-4A5F-8DE3-C557D1591817}.Debug|Any CPU.Build.0 = Debug|Any CPU
		{BBB24A2B-5AD1-4A5F-8DE3-C557D1591817}.Release|Any CPU.ActiveCfg = Release|Any CPU
		{BBB24A2B-5AD1-4A5F-8DE3-C557D1591817}.Release|Any CPU.Build.0 = Release|Any CPU
		{378B6C11-F514-421B-91B3-92A0DD3E7AB6}.Debug|Any CPU.ActiveCfg = Debug|Any CPU
		{378B6C11-F514-421B-91B3-92A0DD3E7AB6}.Debug|Any CPU.Build.0 = Debug|Any CPU
		{378B6C11-F514-421B-91B3-92A0DD3E7AB6}.Release|Any CPU.ActiveCfg = Release|Any CPU
		{378B6C11-F514-421B-91B3-92A0DD3E7AB6}.Release|Any CPU.Build.0 = Release|Any CPU
		{29272D46-8D82-428D-91CE-5AA947E5F367}.Debug|Any CPU.ActiveCfg = Debug|Any CPU
		{29272D46-8D82-428D-91CE-5AA947E5F367}.Debug|Any CPU.Build.0 = Debug|Any CPU
		{29272D46-8D82-428D-91CE-5AA947E5F367}.Release|Any CPU.ActiveCfg = Release|Any CPU
		{29272D46-8D82-428D-91CE-5AA947E5F367}.Release|Any CPU.Build.0 = Release|Any CPU
		{293496A8-41F2-4469-847B-D559C07F7682}.Debug|Any CPU.ActiveCfg = Debug|Any CPU
		{293496A8-41F2-4469-847B-D559C07F7682}.Debug|Any CPU.Build.0 = Debug|Any CPU
		{293496A8-41F2-4469-847B-D559C07F7682}.Debug|Any CPU.Deploy.0 = Debug|Any CPU
		{293496A8-41F2-4469-847B-D559C07F7682}.Release|Any CPU.ActiveCfg = Release|Any CPU
		{293496A8-41F2-4469-847B-D559C07F7682}.Release|Any CPU.Build.0 = Release|Any CPU
		{293496A8-41F2-4469-847B-D559C07F7682}.Release|Any CPU.Deploy.0 = Release|Any CPU
		{6ED45AAA-1E20-4A75-B1F1-836E0D15C98E}.Debug|Any CPU.ActiveCfg = Debug|Any CPU
		{6ED45AAA-1E20-4A75-B1F1-836E0D15C98E}.Debug|Any CPU.Build.0 = Debug|Any CPU
		{6ED45AAA-1E20-4A75-B1F1-836E0D15C98E}.Release|Any CPU.ActiveCfg = Release|Any CPU
		{6ED45AAA-1E20-4A75-B1F1-836E0D15C98E}.Release|Any CPU.Build.0 = Release|Any CPU
		{52BD792C-89A2-4C50-866B-F0EFE18CDEE0}.Debug|Any CPU.ActiveCfg = Debug|Any CPU
		{52BD792C-89A2-4C50-866B-F0EFE18CDEE0}.Debug|Any CPU.Build.0 = Debug|Any CPU
		{52BD792C-89A2-4C50-866B-F0EFE18CDEE0}.Release|Any CPU.ActiveCfg = Release|Any CPU
		{52BD792C-89A2-4C50-866B-F0EFE18CDEE0}.Release|Any CPU.Build.0 = Release|Any CPU
		{34C4DD57-218D-400C-9183-3790360A5DEA}.Debug|Any CPU.ActiveCfg = Debug|Any CPU
		{34C4DD57-218D-400C-9183-3790360A5DEA}.Debug|Any CPU.Build.0 = Debug|Any CPU
		{34C4DD57-218D-400C-9183-3790360A5DEA}.Release|Any CPU.ActiveCfg = Release|Any CPU
		{34C4DD57-218D-400C-9183-3790360A5DEA}.Release|Any CPU.Build.0 = Release|Any CPU
	EndGlobalSection
	GlobalSection(SolutionProperties) = preSolution
		HideSolutionNode = FALSE
	EndGlobalSection
	GlobalSection(NestedProjects) = preSolution
		{CFC0F67A-21D3-4D37-A37E-6EF4FF45DECF} = {BF3BF865-46C6-4257-86B5-0EE5700A095D}
		{FDC878CA-2A43-40A6-A8FF-77D4DCC92C16} = {BF3BF865-46C6-4257-86B5-0EE5700A095D}
		{324A8BDD-53F1-43EC-92C1-36AB4744DF9E} = {5B288B18-8068-4CCA-B578-EBBE950AA1E1}
		{9BE3B9D4-9FF6-4DC8-B9CC-EB2E3F390129} = {324A8BDD-53F1-43EC-92C1-36AB4744DF9E}
		{D6144517-91D2-4880-86DF-E9FF5D7F383A} = {324A8BDD-53F1-43EC-92C1-36AB4744DF9E}
		{400D2544-1CC6-4D8A-A62C-2292D9947A16} = {324A8BDD-53F1-43EC-92C1-36AB4744DF9E}
		{55448611-464D-42F5-AC77-283B1592C665} = {5B288B18-8068-4CCA-B578-EBBE950AA1E1}
		{BBB24A2B-5AD1-4A5F-8DE3-C557D1591817} = {5B288B18-8068-4CCA-B578-EBBE950AA1E1}
		{52BD792C-89A2-4C50-866B-F0EFE18CDEE0} = {84DFB278-8340-4273-8B7D-8DA51D6787AA}
		{34C4DD57-218D-400C-9183-3790360A5DEA} = {84DFB278-8340-4273-8B7D-8DA51D6787AA}
	EndGlobalSection
	GlobalSection(ExtensibilityGlobals) = postSolution
		SolutionGuid = {6F10DE03-A9DA-4320-9855-9D14A715B388}
	EndGlobalSection
EndGlobal
